
Microsoft Visual Studio Solution File, Format Version 12.00
# Visual Studio Version 17
VisualStudioVersion = 17.11.35222.181
MinimumVisualStudioVersion = 10.0.40219.1
Project("{9A19103F-16F7-4668-BE54-9A1E7A4F7556}") = "Biblioteca_Winform_v1", "..\Biblioteca_Winform_v1\Biblioteca_Winform_v1\Biblioteca_Winform_v1.csproj", "{3D49906F-B505-4BF0-A847-BF25EC5C8B22}"
EndProject
Project("{9A19103F-16F7-4668-BE54-9A1E7A4F7556}") = "Biblioteca_Blazor_v1", "Biblioteca_Blazor_v1\Biblioteca_Blazor_v1\Biblioteca_Blazor_v1.csproj", "{73E07712-CA4B-4385-A4BC-E29A69D5030F}"
EndProject
Project("{9A19103F-16F7-4668-BE54-9A1E7A4F7556}") = "Biblioteca_Blazor_v1.Client", "Biblioteca_Blazor_v1\Biblioteca_Blazor_v1.Client\Biblioteca_Blazor_v1.Client.csproj", "{917B2F1A-BA20-49C6-BC27-A0F15D034B18}"
EndProject
Project("{9A19103F-16F7-4668-BE54-9A1E7A4F7556}") = "BibliotecaDeClasesWinformYBlazor", "BibliotecaDeClasesWinformYBlazor\BibliotecaDeClasesWinformYBlazor.csproj", "{C8935161-04B2-4877-9227-7AD9999857CB}"
EndProject
Global
	GlobalSection(SolutionConfigurationPlatforms) = preSolution
		Debug|Any CPU = Debug|Any CPU
		Release|Any CPU = Release|Any CPU
	EndGlobalSection
	GlobalSection(ProjectConfigurationPlatforms) = postSolution
		{3D49906F-B505-4BF0-A847-BF25EC5C8B22}.Debug|Any CPU.ActiveCfg = Debug|Any CPU
		{3D49906F-B505-4BF0-A847-BF25EC5C8B22}.Debug|Any CPU.Build.0 = Debug|Any CPU
		{3D49906F-B505-4BF0-A847-BF25EC5C8B22}.Release|Any CPU.ActiveCfg = Release|Any CPU
		{3D49906F-B505-4BF0-A847-BF25EC5C8B22}.Release|Any CPU.Build.0 = Release|Any CPU
		{73E07712-CA4B-4385-A4BC-E29A69D5030F}.Debug|Any CPU.ActiveCfg = Debug|Any CPU
		{73E07712-CA4B-4385-A4BC-E29A69D5030F}.Debug|Any CPU.Build.0 = Debug|Any CPU
		{73E07712-CA4B-4385-A4BC-E29A69D5030F}.Release|Any CPU.ActiveCfg = Release|Any CPU
		{73E07712-CA4B-4385-A4BC-E29A69D5030F}.Release|Any CPU.Build.0 = Release|Any CPU
		{917B2F1A-BA20-49C6-BC27-A0F15D034B18}.Debug|Any CPU.ActiveCfg = Debug|Any CPU
		{917B2F1A-BA20-49C6-BC27-A0F15D034B18}.Debug|Any CPU.Build.0 = Debug|Any CPU
		{917B2F1A-BA20-49C6-BC27-A0F15D034B18}.Release|Any CPU.ActiveCfg = Release|Any CPU
		{917B2F1A-BA20-49C6-BC27-A0F15D034B18}.Release|Any CPU.Build.0 = Release|Any CPU
		{C8935161-04B2-4877-9227-7AD9999857CB}.Debug|Any CPU.ActiveCfg = Debug|Any CPU
		{C8935161-04B2-4877-9227-7AD9999857CB}.Debug|Any CPU.Build.0 = Debug|Any CPU
		{C8935161-04B2-4877-9227-7AD9999857CB}.Release|Any CPU.ActiveCfg = Release|Any CPU
		{C8935161-04B2-4877-9227-7AD9999857CB}.Release|Any CPU.Build.0 = Release|Any CPU
	EndGlobalSection
	GlobalSection(SolutionProperties) = preSolution
		HideSolutionNode = FALSE
	EndGlobalSection
	GlobalSection(ExtensibilityGlobals) = postSolution
		SolutionGuid = {D233CEB8-7319-4E84-9D81-B1C2A3B1FB83}
	EndGlobalSection
EndGlobal
